
Microsoft Visual Studio Solution File, Format Version 12.00
# Visual Studio 15
Project("{FAE04EC0-301F-11D3-BF4B-00C04F79EFBC}") = "Assembly-CSharp", "Assembly-CSharp.csproj", "{EC3602A0-062D-FB4A-1426-0861AD5C709A}"
EndProject
Global
	GlobalSection(SolutionConfigurationPlatforms) = preSolution
		Debug|Any CPU = Debug|Any CPU
		Release|Any CPU = Release|Any CPU
	EndGlobalSection
	GlobalSection(ProjectConfigurationPlatforms) = postSolution
		{EC3602A0-062D-FB4A-1426-0861AD5C709A}.Debug|Any CPU.ActiveCfg = Debug|Any CPU
		{EC3602A0-062D-FB4A-1426-0861AD5C709A}.Debug|Any CPU.Build.0 = Debug|Any CPU
		{EC3602A0-062D-FB4A-1426-0861AD5C709A}.Release|Any CPU.ActiveCfg = Release|Any CPU
		{EC3602A0-062D-FB4A-1426-0861AD5C709A}.Release|Any CPU.Build.0 = Release|Any CPU
	EndGlobalSection
	GlobalSection(SolutionProperties) = preSolution
		HideSolutionNode = FALSE
	EndGlobalSection
EndGlobal
